
Microsoft Visual Studio Solution File, Format Version 12.00
# Visual Studio Version 17
VisualStudioVersion = 17.9.34902.65
MinimumVisualStudioVersion = 10.0.40219.1
Project("{FAE04EC0-301F-11D3-BF4B-00C04F79EFBC}") = "gulwade_voting_system", "gulwade_voting_system.csproj", "{8C7AA216-2CA0-47D2-AAE9-F453365E6777}"
EndProject
Global
	GlobalSection(SolutionConfigurationPlatforms) = preSolution
		Debug|Any CPU = Debug|Any CPU
		Release|Any CPU = Release|Any CPU
	EndGlobalSection
	GlobalSection(ProjectConfigurationPlatforms) = postSolution
		{8C7AA216-2CA0-47D2-AAE9-F453365E6777}.Debug|Any CPU.ActiveCfg = Debug|Any CPU
		{8C7AA216-2CA0-47D2-AAE9-F453365E6777}.Debug|Any CPU.Build.0 = Debug|Any CPU
		{8C7AA216-2CA0-47D2-AAE9-F453365E6777}.Release|Any CPU.ActiveCfg = Release|Any CPU
		{8C7AA216-2CA0-47D2-AAE9-F453365E6777}.Release|Any CPU.Build.0 = Release|Any CPU
	EndGlobalSection
	GlobalSection(SolutionProperties) = preSolution
		HideSolutionNode = FALSE
	EndGlobalSection
	GlobalSection(ExtensibilityGlobals) = postSolution
		SolutionGuid = {1FCF8E51-D3F0-4BCA-BEA1-14D30FA3BE18}
	EndGlobalSection
EndGlobal
